
Microsoft Visual Studio Solution File, Format Version 12.00
# Visual Studio Version 17
VisualStudioVersion = 17.0.32112.339
MinimumVisualStudioVersion = 10.0.40219.1
Project("{9A19103F-16F7-4668-BE54-9A1E7A4F7556}") = "GHIElectronic.Endpoint.Core", "GHIElectronic.Endpoint.Core\GHIElectronic.Endpoint.Core.csproj", "{DA0E3082-AC17-44AF-AE8C-75F7040FA580}"
EndProject
Project("{9A19103F-16F7-4668-BE54-9A1E7A4F7556}") = "GHIElectronic.Endpoint.Devices.Spi", "GHIElectronic.Endpoint.Devices.Spi\GHIElectronic.Endpoint.Devices.Spi.csproj", "{FF4A4A13-FB27-4113-9189-C4057AFB176C}"
EndProject
Project("{9A19103F-16F7-4668-BE54-9A1E7A4F7556}") = "GHIElectronic.Endpoint.Pins", "GHIElectronic.Endpoint.Pins\GHIElectronic.Endpoint.Pins.csproj", "{827FE3E6-69D6-4963-AF16-AB0969F51490}"
EndProject
Project("{9A19103F-16F7-4668-BE54-9A1E7A4F7556}") = "GHIElectronic.Endpoint.Devices.Uart", "GHIElectronic.Endpoint.Devices.Uart\GHIElectronic.Endpoint.Devices.Uart.csproj", "{4E88C05D-0470-4A7F-87F0-D7B7B12764D9}"
EndProject
Project("{9A19103F-16F7-4668-BE54-9A1E7A4F7556}") = "GHIElectronic.Endpoint.Devices.Pwm", "GHIElectronic.Endpoint.Devices.Pwm\GHIElectronic.Endpoint.Devices.Pwm.csproj", "{77E3FAF2-C22C-4584-AD20-8725F6E94D25}"
EndProject
Project("{9A19103F-16F7-4668-BE54-9A1E7A4F7556}") = "GHIElectronic.Endpoint.Devices.I2c", "GHIElectronic.Endpoint.Devices.I2c\GHIElectronic.Endpoint.Devices.I2c.csproj", "{4A359D96-4ADD-4652-B895-8A3A6DAD90C1}"
EndProject
Project("{9A19103F-16F7-4668-BE54-9A1E7A4F7556}") = "GHIElectronic.Endpoint.Devices.Adc", "GHIElectronic.Endpoint.Devices.Adc\GHIElectronic.Endpoint.Devices.Adc.csproj", "{A28F631E-09A6-4C7E-9C36-4DA3054AFAAE}"
EndProject
Project("{9A19103F-16F7-4668-BE54-9A1E7A4F7556}") = "GHIElectronic.Endpoint.Devices.Can", "GHIElectronic.Endpoint.Devices.Can\GHIElectronic.Endpoint.Devices.Can.csproj", "{B7025E46-7EE2-424D-B40E-14BDF9075DA8}"
EndProject
Project("{2150E333-8FDC-42A3-9474-1A3956D46DE8}") = "Solution Items", "Solution Items", "{8D15F13C-04BD-460A-99D4-A76EE57DFDA7}"
	ProjectSection(SolutionItems) = preProject
		.editorconfig = .editorconfig
	EndProjectSection
EndProject
Project("{9A19103F-16F7-4668-BE54-9A1E7A4F7556}") = "GHIElectronic.Endpoint.Devices.Display", "GHIElectronic.Endpoint.Devices.Display\GHIElectronic.Endpoint.Devices.Display.csproj", "{49F9A867-5B26-4290-9C14-12690BE5BC43}"
EndProject
Project("{9A19103F-16F7-4668-BE54-9A1E7A4F7556}") = "GHIElectronic.Endpoint.Devices.Network", "GHIElectronic.Endpoint.Devices.Network\GHIElectronic.Endpoint.Devices.Network.csproj", "{A2857E33-B366-4C8F-A03A-0FAA053FBD94}"
EndProject
Project("{9A19103F-16F7-4668-BE54-9A1E7A4F7556}") = "GHIElectronic.Endpoint.Devices.UsbHost", "GHIElectronic.Endpoint.Devices.UsbHost\GHIElectronic.Endpoint.Devices.UsbHost.csproj", "{C007B83D-95CC-4AA1-BD19-E59EFECE2C91}"
EndProject
Project("{9A19103F-16F7-4668-BE54-9A1E7A4F7556}") = "GHIElectronic.Endpoint.FileSystem", "GHIElectronic.Endpoint.FileSystem\GHIElectronic.Endpoint.FileSystem.csproj", "{879FA77D-122C-4382-9314-DB9E1ACC3DD5}"
EndProject
Project("{9A19103F-16F7-4668-BE54-9A1E7A4F7556}") = "GHIElectronic.Endpoint.Devices.Rtc", "GHIElectronic.Endpoint.Devices.Rtc\GHIElectronic.Endpoint.Devices.Rtc.csproj", "{AFA496ED-3E61-4BF3-956F-723E6E292979}"
EndProject
Project("{9A19103F-16F7-4668-BE54-9A1E7A4F7556}") = "GHIElectronic.Endpoint.Devices.Sdmmc", "GHIElectronic.Endpoint.Devices.Sdmmc\GHIElectronic.Endpoint.Devices.Sdmmc.csproj", "{8C5E1A5E-86AA-4B8C-98D9-E58BEC7B2797}"
EndProject
Project("{9A19103F-16F7-4668-BE54-9A1E7A4F7556}") = "GHIElectronic.Endpoint.Devices.Watchdog", "GHIElectronic.Endpoint.Devices.Watchdog\GHIElectronic.Endpoint.Devices.Watchdog.csproj", "{BE6D6F78-0736-4537-8827-1EAE19ABE3AF}"
EndProject
Project("{9A19103F-16F7-4668-BE54-9A1E7A4F7556}") = "GHIElectronic.Endpoint.Devices.Usb", "GHIElectronic.Endpoint.Devices.Usb\GHIElectronic.Endpoint.Devices.Usb.csproj", "{3A38FE2F-9D05-44CF-9396-896945198440}"
EndProject
Global
	GlobalSection(SolutionConfigurationPlatforms) = preSolution
		Debug|Any CPU = Debug|Any CPU
		Release|Any CPU = Release|Any CPU
	EndGlobalSection
	GlobalSection(ProjectConfigurationPlatforms) = postSolution
		{DA0E3082-AC17-44AF-AE8C-75F7040FA580}.Debug|Any CPU.ActiveCfg = Debug|Any CPU
		{DA0E3082-AC17-44AF-AE8C-75F7040FA580}.Debug|Any CPU.Build.0 = Debug|Any CPU
		{DA0E3082-AC17-44AF-AE8C-75F7040FA580}.Release|Any CPU.ActiveCfg = Release|Any CPU
		{DA0E3082-AC17-44AF-AE8C-75F7040FA580}.Release|Any CPU.Build.0 = Release|Any CPU
		{FF4A4A13-FB27-4113-9189-C4057AFB176C}.Debug|Any CPU.ActiveCfg = Debug|Any CPU
		{FF4A4A13-FB27-4113-9189-C4057AFB176C}.Debug|Any CPU.Build.0 = Debug|Any CPU
		{FF4A4A13-FB27-4113-9189-C4057AFB176C}.Release|Any CPU.ActiveCfg = Release|Any CPU
		{FF4A4A13-FB27-4113-9189-C4057AFB176C}.Release|Any CPU.Build.0 = Release|Any CPU
		{827FE3E6-69D6-4963-AF16-AB0969F51490}.Debug|Any CPU.ActiveCfg = Debug|Any CPU
		{827FE3E6-69D6-4963-AF16-AB0969F51490}.Debug|Any CPU.Build.0 = Debug|Any CPU
		{827FE3E6-69D6-4963-AF16-AB0969F51490}.Release|Any CPU.ActiveCfg = Release|Any CPU
		{827FE3E6-69D6-4963-AF16-AB0969F51490}.Release|Any CPU.Build.0 = Release|Any CPU
		{4E88C05D-0470-4A7F-87F0-D7B7B12764D9}.Debug|Any CPU.ActiveCfg = Debug|Any CPU
		{4E88C05D-0470-4A7F-87F0-D7B7B12764D9}.Debug|Any CPU.Build.0 = Debug|Any CPU
		{4E88C05D-0470-4A7F-87F0-D7B7B12764D9}.Release|Any CPU.ActiveCfg = Release|Any CPU
		{4E88C05D-0470-4A7F-87F0-D7B7B12764D9}.Release|Any CPU.Build.0 = Release|Any CPU
		{77E3FAF2-C22C-4584-AD20-8725F6E94D25}.Debug|Any CPU.ActiveCfg = Debug|Any CPU
		{77E3FAF2-C22C-4584-AD20-8725F6E94D25}.Debug|Any CPU.Build.0 = Debug|Any CPU
		{77E3FAF2-C22C-4584-AD20-8725F6E94D25}.Release|Any CPU.ActiveCfg = Release|Any CPU
		{77E3FAF2-C22C-4584-AD20-8725F6E94D25}.Release|Any CPU.Build.0 = Release|Any CPU
		{4A359D96-4ADD-4652-B895-8A3A6DAD90C1}.Debug|Any CPU.ActiveCfg = Debug|Any CPU
		{4A359D96-4ADD-4652-B895-8A3A6DAD90C1}.Debug|Any CPU.Build.0 = Debug|Any CPU
		{4A359D96-4ADD-4652-B895-8A3A6DAD90C1}.Release|Any CPU.ActiveCfg = Release|Any CPU
		{4A359D96-4ADD-4652-B895-8A3A6DAD90C1}.Release|Any CPU.Build.0 = Release|Any CPU
		{A28F631E-09A6-4C7E-9C36-4DA3054AFAAE}.Debug|Any CPU.ActiveCfg = Debug|Any CPU
		{A28F631E-09A6-4C7E-9C36-4DA3054AFAAE}.Debug|Any CPU.Build.0 = Debug|Any CPU
		{A28F631E-09A6-4C7E-9C36-4DA3054AFAAE}.Release|Any CPU.ActiveCfg = Release|Any CPU
		{A28F631E-09A6-4C7E-9C36-4DA3054AFAAE}.Release|Any CPU.Build.0 = Release|Any CPU
		{B7025E46-7EE2-424D-B40E-14BDF9075DA8}.Debug|Any CPU.ActiveCfg = Debug|Any CPU
		{B7025E46-7EE2-424D-B40E-14BDF9075DA8}.Debug|Any CPU.Build.0 = Debug|Any CPU
		{B7025E46-7EE2-424D-B40E-14BDF9075DA8}.Release|Any CPU.ActiveCfg = Release|Any CPU
		{B7025E46-7EE2-424D-B40E-14BDF9075DA8}.Release|Any CPU.Build.0 = Release|Any CPU
		{49F9A867-5B26-4290-9C14-12690BE5BC43}.Debug|Any CPU.ActiveCfg = Debug|Any CPU
		{49F9A867-5B26-4290-9C14-12690BE5BC43}.Debug|Any CPU.Build.0 = Debug|Any CPU
		{49F9A867-5B26-4290-9C14-12690BE5BC43}.Release|Any CPU.ActiveCfg = Release|Any CPU
		{49F9A867-5B26-4290-9C14-12690BE5BC43}.Release|Any CPU.Build.0 = Release|Any CPU
		{A2857E33-B366-4C8F-A03A-0FAA053FBD94}.Debug|Any CPU.ActiveCfg = Debug|Any CPU
		{A2857E33-B366-4C8F-A03A-0FAA053FBD94}.Debug|Any CPU.Build.0 = Debug|Any CPU
		{A2857E33-B366-4C8F-A03A-0FAA053FBD94}.Release|Any CPU.ActiveCfg = Release|Any CPU
		{A2857E33-B366-4C8F-A03A-0FAA053FBD94}.Release|Any CPU.Build.0 = Release|Any CPU
		{C007B83D-95CC-4AA1-BD19-E59EFECE2C91}.Debug|Any CPU.ActiveCfg = Debug|Any CPU
		{C007B83D-95CC-4AA1-BD19-E59EFECE2C91}.Debug|Any CPU.Build.0 = Debug|Any CPU
		{C007B83D-95CC-4AA1-BD19-E59EFECE2C91}.Release|Any CPU.ActiveCfg = Release|Any CPU
		{C007B83D-95CC-4AA1-BD19-E59EFECE2C91}.Release|Any CPU.Build.0 = Release|Any CPU
		{879FA77D-122C-4382-9314-DB9E1ACC3DD5}.Debug|Any CPU.ActiveCfg = Debug|Any CPU
		{879FA77D-122C-4382-9314-DB9E1ACC3DD5}.Debug|Any CPU.Build.0 = Debug|Any CPU
		{879FA77D-122C-4382-9314-DB9E1ACC3DD5}.Release|Any CPU.ActiveCfg = Release|Any CPU
		{879FA77D-122C-4382-9314-DB9E1ACC3DD5}.Release|Any CPU.Build.0 = Release|Any CPU
		{AFA496ED-3E61-4BF3-956F-723E6E292979}.Debug|Any CPU.ActiveCfg = Debug|Any CPU
		{AFA496ED-3E61-4BF3-956F-723E6E292979}.Debug|Any CPU.Build.0 = Debug|Any CPU
		{AFA496ED-3E61-4BF3-956F-723E6E292979}.Release|Any CPU.ActiveCfg = Release|Any CPU
		{AFA496ED-3E61-4BF3-956F-723E6E292979}.Release|Any CPU.Build.0 = Release|Any CPU
		{8C5E1A5E-86AA-4B8C-98D9-E58BEC7B2797}.Debug|Any CPU.ActiveCfg = Debug|Any CPU
		{8C5E1A5E-86AA-4B8C-98D9-E58BEC7B2797}.Debug|Any CPU.Build.0 = Debug|Any CPU
		{8C5E1A5E-86AA-4B8C-98D9-E58BEC7B2797}.Release|Any CPU.ActiveCfg = Release|Any CPU
		{8C5E1A5E-86AA-4B8C-98D9-E58BEC7B2797}.Release|Any CPU.Build.0 = Release|Any CPU
		{BE6D6F78-0736-4537-8827-1EAE19ABE3AF}.Debug|Any CPU.ActiveCfg = Debug|Any CPU
		{BE6D6F78-0736-4537-8827-1EAE19ABE3AF}.Debug|Any CPU.Build.0 = Debug|Any CPU
		{BE6D6F78-0736-4537-8827-1EAE19ABE3AF}.Release|Any CPU.ActiveCfg = Release|Any CPU
		{BE6D6F78-0736-4537-8827-1EAE19ABE3AF}.Release|Any CPU.Build.0 = Release|Any CPU
		{3A38FE2F-9D05-44CF-9396-896945198440}.Debug|Any CPU.ActiveCfg = Debug|Any CPU
		{3A38FE2F-9D05-44CF-9396-896945198440}.Debug|Any CPU.Build.0 = Debug|Any CPU
		{3A38FE2F-9D05-44CF-9396-896945198440}.Release|Any CPU.ActiveCfg = Release|Any CPU
		{3A38FE2F-9D05-44CF-9396-896945198440}.Release|Any CPU.Build.0 = Release|Any CPU
	EndGlobalSection
	GlobalSection(SolutionProperties) = preSolution
		HideSolutionNode = FALSE
	EndGlobalSection
	GlobalSection(ExtensibilityGlobals) = postSolution
		SolutionGuid = {E9FC67EF-EF3E-4A2F-BD7B-8B00F4BA0ED2}
	EndGlobalSection
EndGlobal
